// !$*UTF8*$!
{
	archiveVersion = 1;
	classes = {
	};
	objectVersion = 55;
	objects = {

/* Begin PBXBuildFile section */
		1E4D8E98286BF547002135BE /* AppDelegate.swift in Sources */ = {isa = PBXBuildFile; fileRef = 1E4D8E97286BF547002135BE /* AppDelegate.swift */; };
		1E4D8E9A286BF547002135BE /* SceneDelegate.swift in Sources */ = {isa = PBXBuildFile; fileRef = 1E4D8E99286BF547002135BE /* SceneDelegate.swift */; };
		1E4D8E9F286BF547002135BE /* Main.storyboard in Resources */ = {isa = PBXBuildFile; fileRef = 1E4D8E9D286BF547002135BE /* Main.storyboard */; };
		1E4D8EA1286BF549002135BE /* Assets.xcassets in Resources */ = {isa = PBXBuildFile; fileRef = 1E4D8EA0286BF549002135BE /* Assets.xcassets */; };
		1E4D8EA4286BF549002135BE /* LaunchScreen.storyboard in Resources */ = {isa = PBXBuildFile; fileRef = 1E4D8EA2286BF549002135BE /* LaunchScreen.storyboard */; };
		1E4D8EB1286BFF36002135BE /* MainViewController.swift in Sources */ = {isa = PBXBuildFile; fileRef = 1E4D8EB0286BFF36002135BE /* MainViewController.swift */; };
		7FF226E715910A67EFFCDA5D /* Pods_example_UI.framework in Frameworks */ = {isa = PBXBuildFile; fileRef = 4D908AE51D6FAFBB849C1D11 /* Pods_example_UI.framework */; };
/* End PBXBuildFile section */

/* Begin PBXFileReference section */
		1E4D8E94286BF547002135BE /* example-UI.app */ = {isa = PBXFileReference; explicitFileType = wrapper.application; includeInIndex = 0; path = "example-UI.app"; sourceTree = BUILT_PRODUCTS_DIR; };
		1E4D8E97286BF547002135BE /* AppDelegate.swift */ = {isa = PBXFileReference; lastKnownFileType = sourcecode.swift; path = AppDelegate.swift; sourceTree = "<group>"; };
		1E4D8E99286BF547002135BE /* SceneDelegate.swift */ = {isa = PBXFileReference; lastKnownFileType = sourcecode.swift; path = SceneDelegate.swift; sourceTree = "<group>"; };
		1E4D8E9E286BF547002135BE /* Base */ = {isa = PBXFileReference; lastKnownFileType = file.storyboard; name = Base; path = Base.lproj/Main.storyboard; sourceTree = "<group>"; };
		1E4D8EA0286BF549002135BE /* Assets.xcassets */ = {isa = PBXFileReference; lastKnownFileType = folder.assetcatalog; path = Assets.xcassets; sourceTree = "<group>"; };
		1E4D8EA3286BF549002135BE /* Base */ = {isa = PBXFileReference; lastKnownFileType = file.storyboard; name = Base; path = Base.lproj/LaunchScreen.storyboard; sourceTree = "<group>"; };
		1E4D8EA5286BF549002135BE /* Info.plist */ = {isa = PBXFileReference; lastKnownFileType = text.plist.xml; path = Info.plist; sourceTree = "<group>"; };
		1E4D8EB0286BFF36002135BE /* MainViewController.swift */ = {isa = PBXFileReference; lastKnownFileType = sourcecode.swift; path = MainViewController.swift; sourceTree = "<group>"; };
		4D908AE51D6FAFBB849C1D11 /* Pods_example_UI.framework */ = {isa = PBXFileReference; explicitFileType = wrapper.framework; includeInIndex = 0; path = Pods_example_UI.framework; sourceTree = BUILT_PRODUCTS_DIR; };
		93753630003E0D27BDF6F0AC /* Pods-example-UI.debug.xcconfig */ = {isa = PBXFileReference; includeInIndex = 1; lastKnownFileType = text.xcconfig; name = "Pods-example-UI.debug.xcconfig"; path = "Target Support Files/Pods-example-UI/Pods-example-UI.debug.xcconfig"; sourceTree = "<group>"; };
		D8EAC9BC72AA1C06F2E2F43D /* Pods-example-UI.release.xcconfig */ = {isa = PBXFileReference; includeInIndex = 1; lastKnownFileType = text.xcconfig; name = "Pods-example-UI.release.xcconfig"; path = "Target Support Files/Pods-example-UI/Pods-example-UI.release.xcconfig"; sourceTree = "<group>"; };
/* End PBXFileReference section */

/* Begin PBXFrameworksBuildPhase section */
		1E4D8E91286BF547002135BE /* Frameworks */ = {
			isa = PBXFrameworksBuildPhase;
			buildActionMask = 2147483647;
			files = (
				7FF226E715910A67EFFCDA5D /* Pods_example_UI.framework in Frameworks */,
			);
			runOnlyForDeploymentPostprocessing = 0;
		};
/* End PBXFrameworksBuildPhase section */

/* Begin PBXGroup section */
		1E4D8E8B286BF547002135BE = {
			isa = PBXGroup;
			children = (
				1E4D8E96286BF547002135BE /* example-UI */,
				1E4D8E95286BF547002135BE /* Products */,
				BFC124B321229726F5654627 /* Pods */,
				5FC9D98918F4FEAADAAFC66E /* Frameworks */,
			);
			sourceTree = "<group>";
		};
		1E4D8E95286BF547002135BE /* Products */ = {
			isa = PBXGroup;
			children = (
				1E4D8E94286BF547002135BE /* example-UI.app */,
			);
			name = Products;
			sourceTree = "<group>";
		};
		1E4D8E96286BF547002135BE /* example-UI */ = {
			isa = PBXGroup;
			children = (
				1E4D8EAC286BFEA7002135BE /* Base */,
				1E4D8EAB286BFE9B002135BE /* Screens */,
				1E4D8EAD286BFEB3002135BE /* Storyboards */,
				1E4D8EA0286BF549002135BE /* Assets.xcassets */,
				1E4D8EA5286BF549002135BE /* Info.plist */,
			);
			path = "example-UI";
			sourceTree = "<group>";
		};
		1E4D8EAB286BFE9B002135BE /* Screens */ = {
			isa = PBXGroup;
			children = (
				1E4D8EAE286BFEE5002135BE /* Main */,
			);
			path = Screens;
			sourceTree = "<group>";
		};
		1E4D8EAC286BFEA7002135BE /* Base */ = {
			isa = PBXGroup;
			children = (
				1E4D8E97286BF547002135BE /* AppDelegate.swift */,
				1E4D8E99286BF547002135BE /* SceneDelegate.swift */,
			);
			path = Base;
			sourceTree = "<group>";
		};
		1E4D8EAD286BFEB3002135BE /* Storyboards */ = {
			isa = PBXGroup;
			children = (
				1E4D8EA2286BF549002135BE /* LaunchScreen.storyboard */,
				1E4D8E9D286BF547002135BE /* Main.storyboard */,
			);
			path = Storyboards;
			sourceTree = "<group>";
		};
		1E4D8EAE286BFEE5002135BE /* Main */ = {
			isa = PBXGroup;
			children = (
				1E4D8EAF286BFEF3002135BE /* View */,
			);
			path = Main;
			sourceTree = "<group>";
		};
		1E4D8EAF286BFEF3002135BE /* View */ = {
			isa = PBXGroup;
			children = (
				1E4D8EB0286BFF36002135BE /* MainViewController.swift */,
			);
			path = View;
			sourceTree = "<group>";
		};
		5FC9D98918F4FEAADAAFC66E /* Frameworks */ = {
			isa = PBXGroup;
			children = (
				4D908AE51D6FAFBB849C1D11 /* Pods_example_UI.framework */,
			);
			name = Frameworks;
			sourceTree = "<group>";
		};
		BFC124B321229726F5654627 /* Pods */ = {
			isa = PBXGroup;
			children = (
				93753630003E0D27BDF6F0AC /* Pods-example-UI.debug.xcconfig */,
				D8EAC9BC72AA1C06F2E2F43D /* Pods-example-UI.release.xcconfig */,
			);
			path = Pods;
			sourceTree = "<group>";
		};
/* End PBXGroup section */

/* Begin PBXNativeTarget section */
		1E4D8E93286BF547002135BE /* example-UI */ = {
			isa = PBXNativeTarget;
			buildConfigurationList = 1E4D8EA8286BF549002135BE /* Build configuration list for PBXNativeTarget "example-UI" */;
			buildPhases = (
				927222EC72F862CB696A8D92 /* [CP] Check Pods Manifest.lock */,
				1E4D8E90286BF547002135BE /* Sources */,
				1E4D8E91286BF547002135BE /* Frameworks */,
				1E4D8E92286BF547002135BE /* Resources */,
			);
			buildRules = (
			);
			dependencies = (
			);
			name = "example-UI";
			productName = "example-UI";
			productReference = 1E4D8E94286BF547002135BE /* example-UI.app */;
			productType = "com.apple.product-type.application";
		};
/* End PBXNativeTarget section */

/* Begin PBXProject section */
		1E4D8E8C286BF547002135BE /* Project object */ = {
			isa = PBXProject;
			attributes = {
				BuildIndependentTargetsInParallel = 1;
				LastSwiftUpdateCheck = 1340;
				LastUpgradeCheck = 1340;
				TargetAttributes = {
					1E4D8E93286BF547002135BE = {
						CreatedOnToolsVersion = 13.4.1;
					};
				};
			};
			buildConfigurationList = 1E4D8E8F286BF547002135BE /* Build configuration list for PBXProject "example-UI" */;
			compatibilityVersion = "Xcode 13.0";
			developmentRegion = en;
			hasScannedForEncodings = 0;
			knownRegions = (
				en,
				Base,
			);
			mainGroup = 1E4D8E8B286BF547002135BE;
			productRefGroup = 1E4D8E95286BF547002135BE /* Products */;
			projectDirPath = "";
			projectRoot = "";
			targets = (
				1E4D8E93286BF547002135BE /* example-UI */,
			);
		};
/* End PBXProject section */

/* Begin PBXResourcesBuildPhase section */
		1E4D8E92286BF547002135BE /* Resources */ = {
			isa = PBXResourcesBuildPhase;
			buildActionMask = 2147483647;
			files = (
				1E4D8EA4286BF549002135BE /* LaunchScreen.storyboard in Resources */,
				1E4D8EA1286BF549002135BE /* Assets.xcassets in Resources */,
				1E4D8E9F286BF547002135BE /* Main.storyboard in Resources */,
			);
			runOnlyForDeploymentPostprocessing = 0;
		};
/* End PBXResourcesBuildPhase section */

/* Begin PBXShellScriptBuildPhase section */
		927222EC72F862CB696A8D92 /* [CP] Check Pods Manifest.lock */ = {
			isa = PBXShellScriptBuildPhase;
			buildActionMask = 2147483647;
			files = (
			);
			inputFileListPaths = (
			);
			inputPaths = (
				"${PODS_PODFILE_DIR_PATH}/Podfile.lock",
				"${PODS_ROOT}/Manifest.lock",
			);
			name = "[CP] Check Pods Manifest.lock";
			outputFileListPaths = (
			);
			outputPaths = (
				"$(DERIVED_FILE_DIR)/Pods-example-UI-checkManifestLockResult.txt",
			);
			runOnlyForDeploymentPostprocessing = 0;
			shellPath = /bin/sh;
			shellScript = "diff \"${PODS_PODFILE_DIR_PATH}/Podfile.lock\" \"${PODS_ROOT}/Manifest.lock\" > /dev/null\nif [ $? != 0 ] ; then\n    # print error to STDERR\n    echo \"error: The sandbox is not in sync with the Podfile.lock. Run 'pod install' or update your CocoaPods installation.\" >&2\n    exit 1\nfi\n# This output is used by Xcode 'outputs' to avoid re-running this script phase.\necho \"SUCCESS\" > \"${SCRIPT_OUTPUT_FILE_0}\"\n";
			showEnvVarsInLog = 0;
		};
/* End PBXShellScriptBuildPhase section */

/* Begin PBXSourcesBuildPhase section */
		1E4D8E90286BF547002135BE /* Sources */ = {
			isa = PBXSourcesBuildPhase;
			buildActionMask = 2147483647;
			files = (
				1E4D8EB1286BFF36002135BE /* MainViewController.swift in Sources */,
				1E4D8E98286BF547002135BE /* AppDelegate.swift in Sources */,
				1E4D8E9A286BF547002135BE /* SceneDelegate.swift in Sources */,
			);
			runOnlyForDeploymentPostprocessing = 0;
		};
/* End PBXSourcesBuildPhase section */

/* Begin PBXVariantGroup section */
		1E4D8E9D286BF547002135BE /* Main.storyboard */ = {
			isa = PBXVariantGroup;
			children = (
				1E4D8E9E286BF547002135BE /* Base */,
			);
			name = Main.storyboard;
			sourceTree = "<group>";
		};
		1E4D8EA2286BF549002135BE /* LaunchScreen.storyboard */ = {
			isa = PBXVariantGroup;
			children = (
				1E4D8EA3286BF549002135BE /* Base */,
			);
			name = LaunchScreen.storyboard;
			sourceTree = "<group>";
		};
/* End PBXVariantGroup section */

/* Begin XCBuildConfiguration section */
		1E4D8EA6286BF549002135BE /* Debug */ = {
			isa = XCBuildConfiguration;
			buildSettings = {
				ALWAYS_SEARCH_USER_PATHS = NO;
				CLANG_ANALYZER_NONNULL = YES;
				CLANG_ANALYZER_NUMBER_OBJECT_CONVERSION = YES_AGGRESSIVE;
				CLANG_CXX_LANGUAGE_STANDARD = "gnu++17";
				CLANG_ENABLE_MODULES = YES;
				CLANG_ENABLE_OBJC_ARC = YES;
				CLANG_ENABLE_OBJC_WEAK = YES;
				CLANG_WARN_BLOCK_CAPTURE_AUTORELEASING = YES;
				CLANG_WARN_BOOL_CONVERSION = YES;
				CLANG_WARN_COMMA = YES;
				CLANG_WARN_CONSTANT_CONVERSION = YES;
				CLANG_WARN_DEPRECATED_OBJC_IMPLEMENTATIONS = YES;
				CLANG_WARN_DIRECT_OBJC_ISA_USAGE = YES_ERROR;
				CLANG_WARN_DOCUMENTATION_COMMENTS = YES;
				CLANG_WARN_EMPTY_BODY = YES;
				CLANG_WARN_ENUM_CONVERSION = YES;
				CLANG_WARN_INFINITE_RECURSION = YES;
				CLANG_WARN_INT_CONVERSION = YES;
				CLANG_WARN_NON_LITERAL_NULL_CONVERSION = YES;
				CLANG_WARN_OBJC_IMPLICIT_RETAIN_SELF = YES;
				CLANG_WARN_OBJC_LITERAL_CONVERSION = YES;
				CLANG_WARN_OBJC_ROOT_CLASS = YES_ERROR;
				CLANG_WARN_QUOTED_INCLUDE_IN_FRAMEWORK_HEADER = YES;
				CLANG_WARN_RANGE_LOOP_ANALYSIS = YES;
				CLANG_WARN_STRICT_PROTOTYPES = YES;
				CLANG_WARN_SUSPICIOUS_MOVE = YES;
				CLANG_WARN_UNGUARDED_AVAILABILITY = YES_AGGRESSIVE;
				CLANG_WARN_UNREACHABLE_CODE = YES;
				CLANG_WARN__DUPLICATE_METHOD_MATCH = YES;
				COPY_PHASE_STRIP = NO;
				DEBUG_INFORMATION_FORMAT = dwarf;
				ENABLE_STRICT_OBJC_MSGSEND = YES;
				ENABLE_TESTABILITY = YES;
				GCC_C_LANGUAGE_STANDARD = gnu11;
				GCC_DYNAMIC_NO_PIC = NO;
				GCC_NO_COMMON_BLOCKS = YES;
				GCC_OPTIMIZATION_LEVEL = 0;
				GCC_PREPROCESSOR_DEFINITIONS = (
					"DEBUG=1",
					"$(inherited)",
				);
				GCC_WARN_64_TO_32_BIT_CONVERSION = YES;
				GCC_WARN_ABOUT_RETURN_TYPE = YES_ERROR;
				GCC_WARN_UNDECLARED_SELECTOR = YES;
				GCC_WARN_UNINITIALIZED_AUTOS = YES_AGGRESSIVE;
				GCC_WARN_UNUSED_FUNCTION = YES;
				GCC_WARN_UNUSED_VARIABLE = YES;
				IPHONEOS_DEPLOYMENT_TARGET = 15.5;
				MTL_ENABLE_DEBUG_INFO = INCLUDE_SOURCE;
				MTL_FAST_MATH = YES;
				ONLY_ACTIVE_ARCH = YES;
				SDKROOT = iphoneos;
				SWIFT_ACTIVE_COMPILATION_CONDITIONS = DEBUG;
				SWIFT_OPTIMIZATION_LEVEL = "-Onone";
			};
			name = Debug;
		};
		1E4D8EA7286BF549002135BE /* Release */ = {
			isa = XCBuildConfiguration;
			buildSettings = {
				ALWAYS_SEARCH_USER_PATHS = NO;
				CLANG_ANALYZER_NONNULL = YES;
				CLANG_ANALYZER_NUMBER_OBJECT_CONVERSION = YES_AGGRESSIVE;
				CLANG_CXX_LANGUAGE_STANDARD = "gnu++17";
				CLANG_ENABLE_MODULES = YES;
				CLANG_ENABLE_OBJC_ARC = YES;
				CLANG_ENABLE_OBJC_WEAK = YES;
				CLANG_WARN_BLOCK_CAPTURE_AUTORELEASING = YES;
				CLANG_WARN_BOOL_CONVERSION = YES;
				CLANG_WARN_COMMA = YES;
				CLANG_WARN_CONSTANT_CONVERSION = YES;
				CLANG_WARN_DEPRECATED_OBJC_IMPLEMENTATIONS = YES;
				CLANG_WARN_DIRECT_OBJC_ISA_USAGE = YES_ERROR;
				CLANG_WARN_DOCUMENTATION_COMMENTS = YES;
				CLANG_WARN_EMPTY_BODY = YES;
				CLANG_WARN_ENUM_CONVERSION = YES;
				CLANG_WARN_INFINITE_RECURSION = YES;
				CLANG_WARN_INT_CONVERSION = YES;
				CLANG_WARN_NON_LITERAL_NULL_CONVERSION = YES;
				CLANG_WARN_OBJC_IMPLICIT_RETAIN_SELF = YES;
				CLANG_WARN_OBJC_LITERAL_CONVERSION = YES;
				CLANG_WARN_OBJC_ROOT_CLASS = YES_ERROR;
				CLANG_WARN_QUOTED_INCLUDE_IN_FRAMEWORK_HEADER = YES;
				CLANG_WARN_RANGE_LOOP_ANALYSIS = YES;
				CLANG_WARN_STRICT_PROTOTYPES = YES;
				CLANG_WARN_SUSPICIOUS_MOVE = YES;
				CLANG_WARN_UNGUARDED_AVAILABILITY = YES_AGGRESSIVE;
				CLANG_WARN_UNREACHABLE_CODE = YES;
				CLANG_WARN__DUPLICATE_METHOD_MATCH = YES;
				COPY_PHASE_STRIP = NO;
				DEBUG_INFORMATION_FORMAT = "dwarf-with-dsym";
				ENABLE_NS_ASSERTIONS = NO;
				ENABLE_STRICT_OBJC_MSGSEND = YES;
				GCC_C_LANGUAGE_STANDARD = gnu11;
				GCC_NO_COMMON_BLOCKS = YES;
				GCC_WARN_64_TO_32_BIT_CONVERSION = YES;
				GCC_WARN_ABOUT_RETURN_TYPE = YES_ERROR;
				GCC_WARN_UNDECLARED_SELECTOR = YES;
				GCC_WARN_UNINITIALIZED_AUTOS = YES_AGGRESSIVE;
				GCC_WARN_UNUSED_FUNCTION = YES;
				GCC_WARN_UNUSED_VARIABLE = YES;
				IPHONEOS_DEPLOYMENT_TARGET = 15.5;
				MTL_ENABLE_DEBUG_INFO = NO;
				MTL_FAST_MATH = YES;
				SDKROOT = iphoneos;
				SWIFT_COMPILATION_MODE = wholemodule;
				SWIFT_OPTIMIZATION_LEVEL = "-O";
				VALIDATE_PRODUCT = YES;
			};
			name = Release;
		};
		1E4D8EA9286BF549002135BE /* Debug */ = {
			isa = XCBuildConfiguration;
			baseConfigurationReference = 93753630003E0D27BDF6F0AC /* Pods-example-UI.debug.xcconfig */;
			buildSettings = {
				ASSETCATALOG_COMPILER_APPICON_NAME = AppIcon;
				ASSETCATALOG_COMPILER_GLOBAL_ACCENT_COLOR_NAME = AccentColor;
				CODE_SIGN_STYLE = Automatic;
				CURRENT_PROJECT_VERSION = 1;
				DEVELOPMENT_TEAM = A2DNT83345;
				GENERATE_INFOPLIST_FILE = YES;
				INFOPLIST_FILE = "example-UI/Info.plist";
				INFOPLIST_KEY_UIApplicationSupportsIndirectInputEvents = YES;
				INFOPLIST_KEY_UILaunchStoryboardName = LaunchScreen;
				INFOPLIST_KEY_UIMainStoryboardFile = Main;
				INFOPLIST_KEY_UISupportedInterfaceOrientations_iPad = "UIInterfaceOrientationPortrait UIInterfaceOrientationPortraitUpsideDown UIInterfaceOrientationLandscapeLeft UIInterfaceOrientationLandscapeRight";
				INFOPLIST_KEY_UISupportedInterfaceOrientations_iPhone = UIInterfaceOrientationPortrait;
				IPHONEOS_DEPLOYMENT_TARGET = 15.2;
				LD_RUNPATH_SEARCH_PATHS = (
					"$(inherited)",
					"@executable_path/Frameworks",
				);
				MARKETING_VERSION = 1.0;
				PRODUCT_BUNDLE_IDENTIFIER = "com.nnininnine.example-UI";
				PRODUCT_NAME = "$(TARGET_NAME)";
				SWIFT_EMIT_LOC_STRINGS = YES;
				SWIFT_VERSION = 5.0;
				TARGETED_DEVICE_FAMILY = "1,2";
			};
			name = Debug;
		};
		1E4D8EAA286BF549002135BE /* Release */ = {
			isa = XCBuildConfiguration;
			baseConfigurationReference = D8EAC9BC72AA1C06F2E2F43D /* Pods-example-UI.release.xcconfig */;
			buildSettings = {
				ASSETCATALOG_COMPILER_APPICON_NAME = AppIcon;
				ASSETCATALOG_COMPILER_GLOBAL_ACCENT_COLOR_NAME = AccentColor;
				CODE_SIGN_STYLE = Automatic;
				CURRENT_PROJECT_VERSION = 1;
				DEVELOPMENT_TEAM = A2DNT83345;
				GENERATE_INFOPLIST_FILE = YES;
				INFOPLIST_FILE = "example-UI/Info.plist";
				INFOPLIST_KEY_UIApplicationSupportsIndirectInputEvents = YES;
				INFOPLIST_KEY_UILaunchStoryboardName = LaunchScreen;
				INFOPLIST_KEY_UIMainStoryboardFile = Main;
				INFOPLIST_KEY_UISupportedInterfaceOrientations_iPad = "UIInterfaceOrientationPortrait UIInterfaceOrientationPortraitUpsideDown UIInterfaceOrientationLandscapeLeft UIInterfaceOrientationLandscapeRight";
				INFOPLIST_KEY_UISupportedInterfaceOrientations_iPhone = UIInterfaceOrientationPortrait;
				IPHONEOS_DEPLOYMENT_TARGET = 15.2;
				LD_RUNPATH_SEARCH_PATHS = (
					"$(inherited)",
					"@executable_path/Frameworks",
				);
				MARKETING_VERSION = 1.0;
				PRODUCT_BUNDLE_IDENTIFIER = "com.nnininnine.example-UI";
				PRODUCT_NAME = "$(TARGET_NAME)";
				SWIFT_EMIT_LOC_STRINGS = YES;
				SWIFT_VERSION = 5.0;
				TARGETED_DEVICE_FAMILY = "1,2";
			};
			name = Release;
		};
/* End XCBuildConfiguration section */

/* Begin XCConfigurationList section */
		1E4D8E8F286BF547002135BE /* Build configuration list for PBXProject "example-UI" */ = {
			isa = XCConfigurationList;
			buildConfigurations = (
				1E4D8EA6286BF549002135BE /* Debug */,
				1E4D8EA7286BF549002135BE /* Release */,
			);
			defaultConfigurationIsVisible = 0;
			defaultConfigurationName = Release;
		};
		1E4D8EA8286BF549002135BE /* Build configuration list for PBXNativeTarget "example-UI" */ = {
			isa = XCConfigurationList;
			buildConfigurations = (
				1E4D8EA9286BF549002135BE /* Debug */,
				1E4D8EAA286BF549002135BE /* Release */,
			);
			defaultConfigurationIsVisible = 0;
			defaultConfigurationName = Release;
		};
/* End XCConfigurationList section */
	};
	rootObject = 1E4D8E8C286BF547002135BE /* Project object */;
}
